// !$*UTF8*$!
{
	archiveVersion = 1;
	classes = {
	};
	objectVersion = 46;
	objects = {

/* Begin PBXBuildFile section */
		8827CA561ABF366600B9FC21 /* AcousticModelEnglish.bundle in Resources */ = {isa = PBXBuildFile; fileRef = 8827CA521ABF366600B9FC21 /* AcousticModelEnglish.bundle */; };
		8827CA571ABF366600B9FC21 /* AcousticModelSpanish.bundle in Resources */ = {isa = PBXBuildFile; fileRef = 8827CA531ABF366600B9FC21 /* AcousticModelSpanish.bundle */; };
		8827CA581ABF366600B9FC21 /* OpenEars.framework in Frameworks */ = {isa = PBXBuildFile; fileRef = 8827CA541ABF366600B9FC21 /* OpenEars.framework */; };
		8827CA591ABF366600B9FC21 /* Slt.framework in Frameworks */ = {isa = PBXBuildFile; fileRef = 8827CA551ABF366600B9FC21 /* Slt.framework */; };
		888F426A1ABF3144005B2C5F /* AppDelegate.swift in Sources */ = {isa = PBXBuildFile; fileRef = 888F42691ABF3144005B2C5F /* AppDelegate.swift */; };
		888F426C1ABF3144005B2C5F /* ViewController.swift in Sources */ = {isa = PBXBuildFile; fileRef = 888F426B1ABF3144005B2C5F /* ViewController.swift */; };
		888F426F1ABF3144005B2C5F /* Main.storyboard in Resources */ = {isa = PBXBuildFile; fileRef = 888F426D1ABF3144005B2C5F /* Main.storyboard */; };
		888F42711ABF3144005B2C5F /* Images.xcassets in Resources */ = {isa = PBXBuildFile; fileRef = 888F42701ABF3144005B2C5F /* Images.xcassets */; };
		888F42741ABF3144005B2C5F /* LaunchScreen.xib in Resources */ = {isa = PBXBuildFile; fileRef = 888F42721ABF3144005B2C5F /* LaunchScreen.xib */; };
		888F42801ABF3144005B2C5F /* PardonTests.swift in Sources */ = {isa = PBXBuildFile; fileRef = 888F427F1ABF3144005B2C5F /* PardonTests.swift */; };
/* End PBXBuildFile section */

/* Begin PBXContainerItemProxy section */
		888F427A1ABF3144005B2C5F /* PBXContainerItemProxy */ = {
			isa = PBXContainerItemProxy;
			containerPortal = 888F425C1ABF3144005B2C5F /* Project object */;
			proxyType = 1;
			remoteGlobalIDString = 888F42631ABF3144005B2C5F;
			remoteInfo = Pardon;
		};
/* End PBXContainerItemProxy section */

/* Begin PBXFileReference section */
		8827CA521ABF366600B9FC21 /* AcousticModelEnglish.bundle */ = {isa = PBXFileReference; lastKnownFileType = "wrapper.plug-in"; path = AcousticModelEnglish.bundle; sourceTree = "<group>"; };
		8827CA531ABF366600B9FC21 /* AcousticModelSpanish.bundle */ = {isa = PBXFileReference; lastKnownFileType = "wrapper.plug-in"; path = AcousticModelSpanish.bundle; sourceTree = "<group>"; };
		8827CA541ABF366600B9FC21 /* OpenEars.framework */ = {isa = PBXFileReference; lastKnownFileType = wrapper.framework; path = OpenEars.framework; sourceTree = "<group>"; };
		8827CA551ABF366600B9FC21 /* Slt.framework */ = {isa = PBXFileReference; lastKnownFileType = wrapper.framework; path = Slt.framework; sourceTree = "<group>"; };
		888F42641ABF3144005B2C5F /* Pardon.app */ = {isa = PBXFileReference; explicitFileType = wrapper.application; includeInIndex = 0; path = Pardon.app; sourceTree = BUILT_PRODUCTS_DIR; };
		888F42681ABF3144005B2C5F /* Info.plist */ = {isa = PBXFileReference; lastKnownFileType = text.plist.xml; path = Info.plist; sourceTree = "<group>"; };
		888F42691ABF3144005B2C5F /* AppDelegate.swift */ = {isa = PBXFileReference; lastKnownFileType = sourcecode.swift; path = AppDelegate.swift; sourceTree = "<group>"; };
		888F426B1ABF3144005B2C5F /* ViewController.swift */ = {isa = PBXFileReference; lastKnownFileType = sourcecode.swift; path = ViewController.swift; sourceTree = "<group>"; };
		888F426E1ABF3144005B2C5F /* Base */ = {isa = PBXFileReference; lastKnownFileType = file.storyboard; name = Base; path = Base.lproj/Main.storyboard; sourceTree = "<group>"; };
		888F42701ABF3144005B2C5F /* Images.xcassets */ = {isa = PBXFileReference; lastKnownFileType = folder.assetcatalog; path = Images.xcassets; sourceTree = "<group>"; };
		888F42731ABF3144005B2C5F /* Base */ = {isa = PBXFileReference; lastKnownFileType = file.xib; name = Base; path = Base.lproj/LaunchScreen.xib; sourceTree = "<group>"; };
		888F42791ABF3144005B2C5F /* PardonTests.xctest */ = {isa = PBXFileReference; explicitFileType = wrapper.cfbundle; includeInIndex = 0; path = PardonTests.xctest; sourceTree = BUILT_PRODUCTS_DIR; };
		888F427E1ABF3144005B2C5F /* Info.plist */ = {isa = PBXFileReference; lastKnownFileType = text.plist.xml; path = Info.plist; sourceTree = "<group>"; };
		888F427F1ABF3144005B2C5F /* PardonTests.swift */ = {isa = PBXFileReference; lastKnownFileType = sourcecode.swift; path = PardonTests.swift; sourceTree = "<group>"; };
/* End PBXFileReference section */

/* Begin PBXFrameworksBuildPhase section */
		888F42611ABF3144005B2C5F /* Frameworks */ = {
			isa = PBXFrameworksBuildPhase;
			buildActionMask = 2147483647;
			files = (
				8827CA591ABF366600B9FC21 /* Slt.framework in Frameworks */,
				8827CA581ABF366600B9FC21 /* OpenEars.framework in Frameworks */,
			);
			runOnlyForDeploymentPostprocessing = 0;
		};
		888F42761ABF3144005B2C5F /* Frameworks */ = {
			isa = PBXFrameworksBuildPhase;
			buildActionMask = 2147483647;
			files = (
			);
			runOnlyForDeploymentPostprocessing = 0;
		};
/* End PBXFrameworksBuildPhase section */

/* Begin PBXGroup section */
		8827CA511ABF366600B9FC21 /* Framework */ = {
			isa = PBXGroup;
			children = (
				8827CA521ABF366600B9FC21 /* AcousticModelEnglish.bundle */,
				8827CA531ABF366600B9FC21 /* AcousticModelSpanish.bundle */,
				8827CA541ABF366600B9FC21 /* OpenEars.framework */,
				8827CA551ABF366600B9FC21 /* Slt.framework */,
			);
			path = Framework;
			sourceTree = "<group>";
		};
		888F425B1ABF3144005B2C5F = {
			isa = PBXGroup;
			children = (
				888F42661ABF3144005B2C5F /* Pardon */,
				888F427C1ABF3144005B2C5F /* PardonTests */,
				888F42651ABF3144005B2C5F /* Products */,
				8827CA511ABF366600B9FC21 /* Framework */,
			);
			sourceTree = "<group>";
		};
		888F42651ABF3144005B2C5F /* Products */ = {
			isa = PBXGroup;
			children = (
				888F42641ABF3144005B2C5F /* Pardon.app */,
				888F42791ABF3144005B2C5F /* PardonTests.xctest */,
			);
			name = Products;
			sourceTree = "<group>";
		};
		888F42661ABF3144005B2C5F /* Pardon */ = {
			isa = PBXGroup;
			children = (
				888F42691ABF3144005B2C5F /* AppDelegate.swift */,
				888F426B1ABF3144005B2C5F /* ViewController.swift */,
				888F426D1ABF3144005B2C5F /* Main.storyboard */,
				888F42701ABF3144005B2C5F /* Images.xcassets */,
				888F42721ABF3144005B2C5F /* LaunchScreen.xib */,
				888F42671ABF3144005B2C5F /* Supporting Files */,
			);
			path = Pardon;
			sourceTree = "<group>";
		};
		888F42671ABF3144005B2C5F /* Supporting Files */ = {
			isa = PBXGroup;
			children = (
				888F42681ABF3144005B2C5F /* Info.plist */,
			);
			name = "Supporting Files";
			sourceTree = "<group>";
		};
		888F427C1ABF3144005B2C5F /* PardonTests */ = {
			isa = PBXGroup;
			children = (
				888F427F1ABF3144005B2C5F /* PardonTests.swift */,
				888F427D1ABF3144005B2C5F /* Supporting Files */,
			);
			path = PardonTests;
			sourceTree = "<group>";
		};
		888F427D1ABF3144005B2C5F /* Supporting Files */ = {
			isa = PBXGroup;
			children = (
				888F427E1ABF3144005B2C5F /* Info.plist */,
			);
			name = "Supporting Files";
			sourceTree = "<group>";
		};
/* End PBXGroup section */

/* Begin PBXNativeTarget section */
		888F42631ABF3144005B2C5F /* Pardon */ = {
			isa = PBXNativeTarget;
			buildConfigurationList = 888F42831ABF3144005B2C5F /* Build configuration list for PBXNativeTarget "Pardon" */;
			buildPhases = (
				888F42601ABF3144005B2C5F /* Sources */,
				888F42611ABF3144005B2C5F /* Frameworks */,
				888F42621ABF3144005B2C5F /* Resources */,
			);
			buildRules = (
			);
			dependencies = (
			);
			name = Pardon;
			productName = Pardon;
			productReference = 888F42641ABF3144005B2C5F /* Pardon.app */;
			productType = "com.apple.product-type.application";
		};
		888F42781ABF3144005B2C5F /* PardonTests */ = {
			isa = PBXNativeTarget;
			buildConfigurationList = 888F42861ABF3144005B2C5F /* Build configuration list for PBXNativeTarget "PardonTests" */;
			buildPhases = (
				888F42751ABF3144005B2C5F /* Sources */,
				888F42761ABF3144005B2C5F /* Frameworks */,
				888F42771ABF3144005B2C5F /* Resources */,
			);
			buildRules = (
			);
			dependencies = (
				888F427B1ABF3144005B2C5F /* PBXTargetDependency */,
			);
			name = PardonTests;
			productName = PardonTests;
			productReference = 888F42791ABF3144005B2C5F /* PardonTests.xctest */;
			productType = "com.apple.product-type.bundle.unit-test";
		};
/* End PBXNativeTarget section */

/* Begin PBXProject section */
		888F425C1ABF3144005B2C5F /* Project object */ = {
			isa = PBXProject;
			attributes = {
				LastUpgradeCheck = 0620;
				ORGANIZATIONNAME = "Jasper & Alex Co.";
				TargetAttributes = {
					888F42631ABF3144005B2C5F = {
						CreatedOnToolsVersion = 6.2;
					};
					888F42781ABF3144005B2C5F = {
						CreatedOnToolsVersion = 6.2;
						TestTargetID = 888F42631ABF3144005B2C5F;
					};
				};
			};
			buildConfigurationList = 888F425F1ABF3144005B2C5F /* Build configuration list for PBXProject "Pardon" */;
			compatibilityVersion = "Xcode 3.2";
			developmentRegion = English;
			hasScannedForEncodings = 0;
			knownRegions = (
				en,
				Base,
			);
			mainGroup = 888F425B1ABF3144005B2C5F;
			productRefGroup = 888F42651ABF3144005B2C5F /* Products */;
			projectDirPath = "";
			projectRoot = "";
			targets = (
				888F42631ABF3144005B2C5F /* Pardon */,
				888F42781ABF3144005B2C5F /* PardonTests */,
			);
		};
/* End PBXProject section */

/* Begin PBXResourcesBuildPhase section */
		888F42621ABF3144005B2C5F /* Resources */ = {
			isa = PBXResourcesBuildPhase;
			buildActionMask = 2147483647;
			files = (
				888F426F1ABF3144005B2C5F /* Main.storyboard in Resources */,
				8827CA571ABF366600B9FC21 /* AcousticModelSpanish.bundle in Resources */,
				8827CA561ABF366600B9FC21 /* AcousticModelEnglish.bundle in Resources */,
				888F42741ABF3144005B2C5F /* LaunchScreen.xib in Resources */,
				888F42711ABF3144005B2C5F /* Images.xcassets in Resources */,
			);
			runOnlyForDeploymentPostprocessing = 0;
		};
		888F42771ABF3144005B2C5F /* Resources */ = {
			isa = PBXResourcesBuildPhase;
			buildActionMask = 2147483647;
			files = (
			);
			runOnlyForDeploymentPostprocessing = 0;
		};
/* End PBXResourcesBuildPhase section */

/* Begin PBXSourcesBuildPhase section */
		888F42601ABF3144005B2C5F /* Sources */ = {
			isa = PBXSourcesBuildPhase;
			buildActionMask = 2147483647;
			files = (
				888F426C1ABF3144005B2C5F /* ViewController.swift in Sources */,
				888F426A1ABF3144005B2C5F /* AppDelegate.swift in Sources */,
			);
			runOnlyForDeploymentPostprocessing = 0;
		};
		888F42751ABF3144005B2C5F /* Sources */ = {
			isa = PBXSourcesBuildPhase;
			buildActionMask = 2147483647;
			files = (
				888F42801ABF3144005B2C5F /* PardonTests.swift in Sources */,
			);
			runOnlyForDeploymentPostprocessing = 0;
		};
/* End PBXSourcesBuildPhase section */

/* Begin PBXTargetDependency section */
		888F427B1ABF3144005B2C5F /* PBXTargetDependency */ = {
			isa = PBXTargetDependency;
			target = 888F42631ABF3144005B2C5F /* Pardon */;
			targetProxy = 888F427A1ABF3144005B2C5F /* PBXContainerItemProxy */;
		};
/* End PBXTargetDependency section */

/* Begin PBXVariantGroup section */
		888F426D1ABF3144005B2C5F /* Main.storyboard */ = {
			isa = PBXVariantGroup;
			children = (
				888F426E1ABF3144005B2C5F /* Base */,
			);
			name = Main.storyboard;
			sourceTree = "<group>";
		};
		888F42721ABF3144005B2C5F /* LaunchScreen.xib */ = {
			isa = PBXVariantGroup;
			children = (
				888F42731ABF3144005B2C5F /* Base */,
			);
			name = LaunchScreen.xib;
			sourceTree = "<group>";
		};
/* End PBXVariantGroup section */

/* Begin XCBuildConfiguration section */
		888F42811ABF3144005B2C5F /* Debug */ = {
			isa = XCBuildConfiguration;
			buildSettings = {
				ALWAYS_SEARCH_USER_PATHS = NO;
				CLANG_CXX_LANGUAGE_STANDARD = "gnu++0x";
				CLANG_CXX_LIBRARY = "libc++";
				CLANG_ENABLE_MODULES = YES;
				CLANG_ENABLE_OBJC_ARC = YES;
				CLANG_WARN_BOOL_CONVERSION = YES;
				CLANG_WARN_CONSTANT_CONVERSION = YES;
				CLANG_WARN_DIRECT_OBJC_ISA_USAGE = YES_ERROR;
				CLANG_WARN_EMPTY_BODY = YES;
				CLANG_WARN_ENUM_CONVERSION = YES;
				CLANG_WARN_INT_CONVERSION = YES;
				CLANG_WARN_OBJC_ROOT_CLASS = YES_ERROR;
				CLANG_WARN_UNREACHABLE_CODE = YES;
				CLANG_WARN__DUPLICATE_METHOD_MATCH = YES;
				"CODE_SIGN_IDENTITY[sdk=iphoneos*]" = "iPhone Developer";
				COPY_PHASE_STRIP = NO;
				ENABLE_STRICT_OBJC_MSGSEND = YES;
				GCC_C_LANGUAGE_STANDARD = gnu99;
				GCC_DYNAMIC_NO_PIC = NO;
				GCC_OPTIMIZATION_LEVEL = 0;
				GCC_PREPROCESSOR_DEFINITIONS = (
					"DEBUG=1",
					"$(inherited)",
				);
				GCC_SYMBOLS_PRIVATE_EXTERN = NO;
				GCC_WARN_64_TO_32_BIT_CONVERSION = YES;
				GCC_WARN_ABOUT_RETURN_TYPE = YES_ERROR;
				GCC_WARN_UNDECLARED_SELECTOR = YES;
				GCC_WARN_UNINITIALIZED_AUTOS = YES_AGGRESSIVE;
				GCC_WARN_UNUSED_FUNCTION = YES;
				GCC_WARN_UNUSED_VARIABLE = YES;
				IPHONEOS_DEPLOYMENT_TARGET = 8.2;
				MTL_ENABLE_DEBUG_INFO = YES;
				ONLY_ACTIVE_ARCH = YES;
				SDKROOT = iphoneos;
				SWIFT_OPTIMIZATION_LEVEL = "-Onone";
				TARGETED_DEVICE_FAMILY = "1,2";
			};
			name = Debug;
		};
		888F42821ABF3144005B2C5F /* Release */ = {
			isa = XCBuildConfiguration;
			buildSettings = {
				ALWAYS_SEARCH_USER_PATHS = NO;
				CLANG_CXX_LANGUAGE_STANDARD = "gnu++0x";
				CLANG_CXX_LIBRARY = "libc++";
				CLANG_ENABLE_MODULES = YES;
				CLANG_ENABLE_OBJC_ARC = YES;
				CLANG_WARN_BOOL_CONVERSION = YES;
				CLANG_WARN_CONSTANT_CONVERSION = YES;
				CLANG_WARN_DIRECT_OBJC_ISA_USAGE = YES_ERROR;
				CLANG_WARN_EMPTY_BODY = YES;
				CLANG_WARN_ENUM_CONVERSION = YES;
				CLANG_WARN_INT_CONVERSION = YES;
				CLANG_WARN_OBJC_ROOT_CLASS = YES_ERROR;
				CLANG_WARN_UNREACHABLE_CODE = YES;
				CLANG_WARN__DUPLICATE_METHOD_MATCH = YES;
				"CODE_SIGN_IDENTITY[sdk=iphoneos*]" = "iPhone Developer";
				COPY_PHASE_STRIP = NO;
				ENABLE_NS_ASSERTIONS = NO;
				ENABLE_STRICT_OBJC_MSGSEND = YES;
				GCC_C_LANGUAGE_STANDARD = gnu99;
				GCC_WARN_64_TO_32_BIT_CONVERSION = YES;
				GCC_WARN_ABOUT_RETURN_TYPE = YES_ERROR;
				GCC_WARN_UNDECLARED_SELECTOR = YES;
				GCC_WARN_UNINITIALIZED_AUTOS = YES_AGGRESSIVE;
				GCC_WARN_UNUSED_FUNCTION = YES;
				GCC_WARN_UNUSED_VARIABLE = YES;
				IPHONEOS_DEPLOYMENT_TARGET = 8.2;
				MTL_ENABLE_DEBUG_INFO = NO;
				SDKROOT = iphoneos;
				TARGETED_DEVICE_FAMILY = "1,2";
				VALIDATE_PRODUCT = YES;
			};
			name = Release;
		};
		888F42841ABF3144005B2C5F /* Debug */ = {
			isa = XCBuildConfiguration;
			buildSettings = {
				ASSETCATALOG_COMPILER_APPICON_NAME = AppIcon;
				FRAMEWORK_SEARCH_PATHS = (
					"$(inherited)",
					/Users/jasperfung/Downloads/Framework,
					"$(PROJECT_DIR)/Framework",
				);
				INFOPLIST_FILE = Pardon/Info.plist;
				LD_RUNPATH_SEARCH_PATHS = "$(inherited) @executable_path/Frameworks";
				PRODUCT_NAME = "$(TARGET_NAME)";
			};
			name = Debug;
		};
		888F42851ABF3144005B2C5F /* Release */ = {
			isa = XCBuildConfiguration;
			buildSettings = {
				ASSETCATALOG_COMPILER_APPICON_NAME = AppIcon;
				FRAMEWORK_SEARCH_PATHS = (
					"$(inherited)",
					/Users/jasperfung/Downloads/Framework,
					"$(PROJECT_DIR)/Framework",
				);
				INFOPLIST_FILE = Pardon/Info.plist;
				LD_RUNPATH_SEARCH_PATHS = "$(inherited) @executable_path/Frameworks";
				PRODUCT_NAME = "$(TARGET_NAME)";
			};
			name = Release;
		};
		888F42871ABF3144005B2C5F /* Debug */ = {
			isa = XCBuildConfiguration;
			buildSettings = {
				BUNDLE_LOADER = "$(TEST_HOST)";
				FRAMEWORK_SEARCH_PATHS = (
					"$(SDKROOT)/Developer/Library/Frameworks",
					"$(inherited)",
				);
				GCC_PREPROCESSOR_DEFINITIONS = (
					"DEBUG=1",
					"$(inherited)",
				);
				INFOPLIST_FILE = PardonTests/Info.plist;
				LD_RUNPATH_SEARCH_PATHS = "$(inherited) @executable_path/Frameworks @loader_path/Frameworks";
				PRODUCT_NAME = "$(TARGET_NAME)";
				TEST_HOST = "$(BUILT_PRODUCTS_DIR)/Pardon.app/Pardon";
			};
			name = Debug;
		};
		888F42881ABF3144005B2C5F /* Release */ = {
			isa = XCBuildConfiguration;
			buildSettings = {
				BUNDLE_LOADER = "$(TEST_HOST)";
				FRAMEWORK_SEARCH_PATHS = (
					"$(SDKROOT)/Developer/Library/Frameworks",
					"$(inherited)",
				);
				INFOPLIST_FILE = PardonTests/Info.plist;
				LD_RUNPATH_SEARCH_PATHS = "$(inherited) @executable_path/Frameworks @loader_path/Frameworks";
				PRODUCT_NAME = "$(TARGET_NAME)";
				TEST_HOST = "$(BUILT_PRODUCTS_DIR)/Pardon.app/Pardon";
			};
			name = Release;
		};
/* End XCBuildConfiguration section */

/* Begin XCConfigurationList section */
		888F425F1ABF3144005B2C5F /* Build configuration list for PBXProject "Pardon" */ = {
			isa = XCConfigurationList;
			buildConfigurations = (
				888F42811ABF3144005B2C5F /* Debug */,
				888F42821ABF3144005B2C5F /* Release */,
			);
			defaultConfigurationIsVisible = 0;
			defaultConfigurationName = Release;
		};
		888F42831ABF3144005B2C5F /* Build configuration list for PBXNativeTarget "Pardon" */ = {
			isa = XCConfigurationList;
			buildConfigurations = (
				888F42841ABF3144005B2C5F /* Debug */,
				888F42851ABF3144005B2C5F /* Release */,
			);
			defaultConfigurationIsVisible = 0;
			defaultConfigurationName = Release;
		};
		888F42861ABF3144005B2C5F /* Build configuration list for PBXNativeTarget "PardonTests" */ = {
			isa = XCConfigurationList;
			buildConfigurations = (
				888F42871ABF3144005B2C5F /* Debug */,
				888F42881ABF3144005B2C5F /* Release */,
			);
			defaultConfigurationIsVisible = 0;
			defaultConfigurationName = Release;
		};
/* End XCConfigurationList section */
	};
	rootObject = 888F425C1ABF3144005B2C5F /* Project object */;
}
